
Microsoft Visual Studio Solution File, Format Version 12.00
Project("{FAE04EC0-301F-11D3-BF4B-00C04F79EFBC}") = "aoc-runner", "src\aoc-runner.csproj", "{243CC5D2-5AA2-4F3A-BC8C-C1B6639366B9}"
EndProject
Project("{FAE04EC0-301F-11D3-BF4B-00C04F79EFBC}") = "tests", "tests\tests.csproj", "{3573B180-CB86-422E-97B6-B18038DB8759}"
EndProject
Global
	GlobalSection(SolutionConfigurationPlatforms) = preSolution
		Debug|Any CPU = Debug|Any CPU
		Release|Any CPU = Release|Any CPU
	EndGlobalSection
	GlobalSection(ProjectConfigurationPlatforms) = postSolution
		{243CC5D2-5AA2-4F3A-BC8C-C1B6639366B9}.Debug|Any CPU.ActiveCfg = Debug|Any CPU
		{243CC5D2-5AA2-4F3A-BC8C-C1B6639366B9}.Debug|Any CPU.Build.0 = Debug|Any CPU
		{243CC5D2-5AA2-4F3A-BC8C-C1B6639366B9}.Release|Any CPU.ActiveCfg = Release|Any CPU
		{243CC5D2-5AA2-4F3A-BC8C-C1B6639366B9}.Release|Any CPU.Build.0 = Release|Any CPU
		{3573B180-CB86-422E-97B6-B18038DB8759}.Debug|Any CPU.ActiveCfg = Debug|Any CPU
		{3573B180-CB86-422E-97B6-B18038DB8759}.Debug|Any CPU.Build.0 = Debug|Any CPU
		{3573B180-CB86-422E-97B6-B18038DB8759}.Release|Any CPU.ActiveCfg = Release|Any CPU
		{3573B180-CB86-422E-97B6-B18038DB8759}.Release|Any CPU.Build.0 = Release|Any CPU
	EndGlobalSection
EndGlobal
